
Microsoft Visual Studio Solution File, Format Version 12.00
# Visual Studio Version 17
VisualStudioVersion = 17.4.33213.308
MinimumVisualStudioVersion = 10.0.40219.1
Project("{9A19103F-16F7-4668-BE54-9A1E7A4F7556}") = "BureauhouseApi", "BureauhouseApi\BureauhouseApi.csproj", "{32BF7EF3-922A-49E3-A7E3-9E9887BF758D}"
EndProject
Project("{9A19103F-16F7-4668-BE54-9A1E7A4F7556}") = "EasyVerifyModels", "EasyVerifyModels\EasyVerifyModels.csproj", "{C1433554-F0C2-4C71-8CE4-1C64D975CC01}"
EndProject
Project("{FAE04EC0-301F-11D3-BF4B-00C04F79EFBC}") = "EasyVerifyAuthenticationApi", "EasyVerifyAuthenticationApi\EasyVerifyAuthenticationApi.csproj", "{1E7C367E-1079-4882-9CDD-35DEB1B11EF6}"
EndProject
Global
	GlobalSection(SolutionConfigurationPlatforms) = preSolution
		Debug|Any CPU = Debug|Any CPU
		Release|Any CPU = Release|Any CPU
	EndGlobalSection
	GlobalSection(ProjectConfigurationPlatforms) = postSolution
		{32BF7EF3-922A-49E3-A7E3-9E9887BF758D}.Debug|Any CPU.ActiveCfg = Debug|Any CPU
		{32BF7EF3-922A-49E3-A7E3-9E9887BF758D}.Debug|Any CPU.Build.0 = Debug|Any CPU
		{32BF7EF3-922A-49E3-A7E3-9E9887BF758D}.Release|Any CPU.ActiveCfg = Release|Any CPU
		{32BF7EF3-922A-49E3-A7E3-9E9887BF758D}.Release|Any CPU.Build.0 = Release|Any CPU
		{C1433554-F0C2-4C71-8CE4-1C64D975CC01}.Debug|Any CPU.ActiveCfg = Debug|Any CPU
		{C1433554-F0C2-4C71-8CE4-1C64D975CC01}.Debug|Any CPU.Build.0 = Debug|Any CPU
		{C1433554-F0C2-4C71-8CE4-1C64D975CC01}.Release|Any CPU.ActiveCfg = Release|Any CPU
		{C1433554-F0C2-4C71-8CE4-1C64D975CC01}.Release|Any CPU.Build.0 = Release|Any CPU
		{1E7C367E-1079-4882-9CDD-35DEB1B11EF6}.Debug|Any CPU.ActiveCfg = Debug|Any CPU
		{1E7C367E-1079-4882-9CDD-35DEB1B11EF6}.Debug|Any CPU.Build.0 = Debug|Any CPU
		{1E7C367E-1079-4882-9CDD-35DEB1B11EF6}.Release|Any CPU.ActiveCfg = Release|Any CPU
		{1E7C367E-1079-4882-9CDD-35DEB1B11EF6}.Release|Any CPU.Build.0 = Release|Any CPU
	EndGlobalSection
	GlobalSection(SolutionProperties) = preSolution
		HideSolutionNode = FALSE
	EndGlobalSection
	GlobalSection(ExtensibilityGlobals) = postSolution
		SolutionGuid = {FB47A38D-89C7-4CF8-915E-47CC275F8806}
	EndGlobalSection
EndGlobal
